
Microsoft Visual Studio Solution File, Format Version 12.00
# Visual Studio Version 17
VisualStudioVersion = 17.7.34221.43
MinimumVisualStudioVersion = 10.0.40219.1
Project("{8BC9CEB8-8B4A-11D0-8D11-00A0C91BC942}") = "11주차", "11주차.vcxproj", "{5F2FEF08-A142-4B4A-AC19-8E7E9983EF0E}"
EndProject
Global
	GlobalSection(SolutionConfigurationPlatforms) = preSolution
		Debug|x64 = Debug|x64
		Debug|x86 = Debug|x86
		Release|x64 = Release|x64
		Release|x86 = Release|x86
	EndGlobalSection
	GlobalSection(ProjectConfigurationPlatforms) = postSolution
		{5F2FEF08-A142-4B4A-AC19-8E7E9983EF0E}.Debug|x64.ActiveCfg = Debug|x64
		{5F2FEF08-A142-4B4A-AC19-8E7E9983EF0E}.Debug|x64.Build.0 = Debug|x64
		{5F2FEF08-A142-4B4A-AC19-8E7E9983EF0E}.Debug|x86.ActiveCfg = Debug|Win32
		{5F2FEF08-A142-4B4A-AC19-8E7E9983EF0E}.Debug|x86.Build.0 = Debug|Win32
		{5F2FEF08-A142-4B4A-AC19-8E7E9983EF0E}.Release|x64.ActiveCfg = Release|x64
		{5F2FEF08-A142-4B4A-AC19-8E7E9983EF0E}.Release|x64.Build.0 = Release|x64
		{5F2FEF08-A142-4B4A-AC19-8E7E9983EF0E}.Release|x86.ActiveCfg = Release|Win32
		{5F2FEF08-A142-4B4A-AC19-8E7E9983EF0E}.Release|x86.Build.0 = Release|Win32
	EndGlobalSection
	GlobalSection(SolutionProperties) = preSolution
		HideSolutionNode = FALSE
	EndGlobalSection
	GlobalSection(ExtensibilityGlobals) = postSolution
		SolutionGuid = {F28C5F05-C3DE-422A-A202-DB5FF1C6CCE9}
	EndGlobalSection
EndGlobal
