
Microsoft Visual Studio Solution File, Format Version 12.00
# Visual Studio Version 17
VisualStudioVersion = 17.8.34309.116
MinimumVisualStudioVersion = 10.0.40219.1
Project("{8BC9CEB8-8B4A-11D0-8D11-00A0C91BC942}") = "13주차", "13주차.vcxproj", "{7D3A7079-9D8A-47CA-A453-68CDE0DFFA89}"
EndProject
Global
	GlobalSection(SolutionConfigurationPlatforms) = preSolution
		Debug|x64 = Debug|x64
		Debug|x86 = Debug|x86
		Release|x64 = Release|x64
		Release|x86 = Release|x86
	EndGlobalSection
	GlobalSection(ProjectConfigurationPlatforms) = postSolution
		{7D3A7079-9D8A-47CA-A453-68CDE0DFFA89}.Debug|x64.ActiveCfg = Debug|x64
		{7D3A7079-9D8A-47CA-A453-68CDE0DFFA89}.Debug|x64.Build.0 = Debug|x64
		{7D3A7079-9D8A-47CA-A453-68CDE0DFFA89}.Debug|x86.ActiveCfg = Debug|Win32
		{7D3A7079-9D8A-47CA-A453-68CDE0DFFA89}.Debug|x86.Build.0 = Debug|Win32
		{7D3A7079-9D8A-47CA-A453-68CDE0DFFA89}.Release|x64.ActiveCfg = Release|x64
		{7D3A7079-9D8A-47CA-A453-68CDE0DFFA89}.Release|x64.Build.0 = Release|x64
		{7D3A7079-9D8A-47CA-A453-68CDE0DFFA89}.Release|x86.ActiveCfg = Release|Win32
		{7D3A7079-9D8A-47CA-A453-68CDE0DFFA89}.Release|x86.Build.0 = Release|Win32
	EndGlobalSection
	GlobalSection(SolutionProperties) = preSolution
		HideSolutionNode = FALSE
	EndGlobalSection
	GlobalSection(ExtensibilityGlobals) = postSolution
		SolutionGuid = {113904C9-F3E4-456F-A75C-58A9116124E0}
	EndGlobalSection
EndGlobal
